// !$*UTF8*$!
{
	archiveVersion = 1;
	classes = {
	};
	objectVersion = 77;
	objects = {

/* Begin PBXBuildFile section */
		4D0CA8D12DE69F4600D4A6D6 /* NumerologyRainView.swift in Sources */ = {isa = PBXBuildFile; fileRef = 4D0CA8D02DE69F4600D4A6D6 /* NumerologyRainView.swift */; };
		4D3055B12D3C9942009A7BBD /* FocusNumberHelper.swift in Sources */ = {isa = PBXBuildFile; fileRef = 4D3055B02D3C9942009A7BBD /* FocusNumberHelper.swift */; };
		4D3055BE2D3C9FF0009A7BBD /* FocusNumberView.swift in Sources */ = {isa = PBXBuildFile; fileRef = 4D3055BD2D3C9FF0009A7BBD /* FocusNumberView.swift */; };
		4D3055C12D3CA97C009A7BBD /* VybeMVP.xcdatamodeld in Sources */ = {isa = PBXBuildFile; fileRef = 4D3055BF2D3CA97C009A7BBD /* VybeMVP.xcdatamodeld */; };
		4D3055C32D3CB018009A7BBD /* PersistenceController.swift in Sources */ = {isa = PBXBuildFile; fileRef = 4D3055C22D3CB018009A7BBD /* PersistenceController.swift */; };
		4D3055C62D3CB201009A7BBD /* UserPreferences+Helper.swift in Sources */ = {isa = PBXBuildFile; fileRef = 4D3055C52D3CB201009A7BBD /* UserPreferences+Helper.swift */; };
		4D3055CA2D3CB981009A7BBD /* FocusMatch+Helper.swift in Sources */ = {isa = PBXBuildFile; fileRef = 4D3055C92D3CB981009A7BBD /* FocusMatch+Helper.swift */; };
		4D3055CC2D3CBB36009A7BBD /* UserPreferences.swift in Sources */ = {isa = PBXBuildFile; fileRef = 4D3055CB2D3CBB36009A7BBD /* UserPreferences.swift */; };
		4D3055CE2D3CC9CA009A7BBD /* FocusNumberPicker.swift in Sources */ = {isa = PBXBuildFile; fileRef = 4D3055CD2D3CC9CA009A7BBD /* FocusNumberPicker.swift */; };
		4D3055DF2D3CE8AE009A7BBD /* JournalView.swift in Sources */ = {isa = PBXBuildFile; fileRef = 4D3055DD2D3CE8AE009A7BBD /* JournalView.swift */; };
		4D3055E12D3CE90C009A7BBD /* FocusNumberContent.swift in Sources */ = {isa = PBXBuildFile; fileRef = 4D3055E02D3CE90C009A7BBD /* FocusNumberContent.swift */; };
		4D3055E32D3CEADA009A7BBD /* JournalEntry+CoreDataHelpers.swift in Sources */ = {isa = PBXBuildFile; fileRef = 4D3055E22D3CEADA009A7BBD /* JournalEntry+CoreDataHelpers.swift */; };
		4D3055E52D3CEDA5009A7BBD /* NewJournalEntryView.swift in Sources */ = {isa = PBXBuildFile; fileRef = 4D3055E42D3CEDA5009A7BBD /* NewJournalEntryView.swift */; };
		4D3055E72D3CEEC9009A7BBD /* JournalEntryDetailView.swift in Sources */ = {isa = PBXBuildFile; fileRef = 4D3055E62D3CEEC9009A7BBD /* JournalEntryDetailView.swift */; };
		4D3055E92D3CEF45009A7BBD /* EditJournalEntryView.swift in Sources */ = {isa = PBXBuildFile; fileRef = 4D3055E82D3CEF45009A7BBD /* EditJournalEntryView.swift */; };
		4D3055EB2D3CF492009A7BBD /* NumberCell.swift in Sources */ = {isa = PBXBuildFile; fileRef = 4D3055EA2D3CF492009A7BBD /* NumberCell.swift */; };
		4D3055EE2D3CF838009A7BBD /* OldLogger.swift in Sources */ = {isa = PBXBuildFile; fileRef = 4D3055EC2D3CF838009A7BBD /* OldLogger.swift */; };
		4D3055FA2D3D899A009A7BBD /* JournalMood.swift in Sources */ = {isa = PBXBuildFile; fileRef = 4D3055F82D3D899A009A7BBD /* JournalMood.swift */; };
		4D3055FC2D3D8F8A009A7BBD /* JournalListView.swift in Sources */ = {isa = PBXBuildFile; fileRef = 4D3055FB2D3D8F8A009A7BBD /* JournalListView.swift */; };
		4D3055FE2D3D903B009A7BBD /* JournalEntryRow.swift in Sources */ = {isa = PBXBuildFile; fileRef = 4D3055FD2D3D903B009A7BBD /* JournalEntryRow.swift */; };
		4D3056002D3D9245009A7BBD /* JournalEntryView.swift in Sources */ = {isa = PBXBuildFile; fileRef = 4D3055FF2D3D9245009A7BBD /* JournalEntryView.swift */; };
		4D3727082DE48D7100B5A02B /* NotificationNames.swift in Sources */ = {isa = PBXBuildFile; fileRef = 4D3727072DE48D7100B5A02B /* NotificationNames.swift */; };
		4D37270A2DE50FEC00B5A02B /* OnboardingCompletionView.swift in Sources */ = {isa = PBXBuildFile; fileRef = 4D3727092DE50FEC00B5A02B /* OnboardingCompletionView.swift */; };
		4D37270D2DE5404500B5A02B /* UserProfileTabView.swift in Sources */ = {isa = PBXBuildFile; fileRef = 4D37270B2DE5404500B5A02B /* UserProfileTabView.swift */; };
		4D3727102DE5407100B5A02B /* InsightHistoryView.swift in Sources */ = {isa = PBXBuildFile; fileRef = 4D37270E2DE5407100B5A02B /* InsightHistoryView.swift */; };
		4D3727122DE540AE00B5A02B /* PersonalizedInsight.swift in Sources */ = {isa = PBXBuildFile; fileRef = 4D3727112DE540AE00B5A02B /* PersonalizedInsight.swift */; };
		4D3727152DE550ED00B5A02B /* CosmicBackgroundView.swift in Sources */ = {isa = PBXBuildFile; fileRef = 4D3727132DE550ED00B5A02B /* CosmicBackgroundView.swift */; };
		4D3727172DE551E100B5A02B /* ActivityNavigationManager.swift in Sources */ = {isa = PBXBuildFile; fileRef = 4D3727162DE551E100B5A02B /* ActivityNavigationManager.swift */; };
		4D3727192DE5538A00B5A02B /* NumerologyInsightService.swift in Sources */ = {isa = PBXBuildFile; fileRef = 4D3727182DE5538A00B5A02B /* NumerologyInsightService.swift */; };
		4D37271C2DE554B700B5A02B /* ActivityView.swift in Sources */ = {isa = PBXBuildFile; fileRef = 4D37271A2DE554B700B5A02B /* ActivityView.swift */; };
		4D53BE252DEC151900BAE6AE /* VoiceRecordingManager.swift in Sources */ = {isa = PBXBuildFile; fileRef = 4D53BE242DEC151900BAE6AE /* VoiceRecordingManager.swift */; };
		4D6C7B4D2DE45381001036E5 /* UserArchetype.swift in Sources */ = {isa = PBXBuildFile; fileRef = 4D6C7B4C2DE45381001036E5 /* UserArchetype.swift */; };
		4D6C7B512DE453B1001036E5 /* UserArchetypeManager.swift in Sources */ = {isa = PBXBuildFile; fileRef = 4D6C7B502DE453B1001036E5 /* UserArchetypeManager.swift */; };
		4D6C7B552DE45441001036E5 /* ArchetypeDisplayView.swift in Sources */ = {isa = PBXBuildFile; fileRef = 4D6C7B542DE45441001036E5 /* ArchetypeDisplayView.swift */; };
		4D6C7B572DE4546C001036E5 /* ResonanceMatch.swift in Sources */ = {isa = PBXBuildFile; fileRef = 4D6C7B562DE4546C001036E5 /* ResonanceMatch.swift */; };
		4D6C7B592DE45517001036E5 /* ResonanceEngine.swift in Sources */ = {isa = PBXBuildFile; fileRef = 4D6C7B582DE45517001036E5 /* ResonanceEngine.swift */; };
		4D6C7B5D2DE458A4001036E5 /* AuthenticationManager.swift in Sources */ = {isa = PBXBuildFile; fileRef = 4D6C7B5C2DE458A4001036E5 /* AuthenticationManager.swift */; };
		4D6C7B5F2DE45C07001036E5 /* AuthenticationWrapperView.swift in Sources */ = {isa = PBXBuildFile; fileRef = 4D6C7B5E2DE45C07001036E5 /* AuthenticationWrapperView.swift */; };
		4D6C7B632DE46A33001036E5 /* BirthdateInputView.swift in Sources */ = {isa = PBXBuildFile; fileRef = 4D6C7B622DE46A33001036E5 /* BirthdateInputView.swift */; };
		4D6C7B9D2DE47E99001036E5 /* OnboardingReflectionModeView.swift in Sources */ = {isa = PBXBuildFile; fileRef = 4D6C7B982DE47E99001036E5 /* OnboardingReflectionModeView.swift */; };
		4D6C7B9E2DE47E99001036E5 /* OnboardingInsightToneView.swift in Sources */ = {isa = PBXBuildFile; fileRef = 4D6C7B962DE47E99001036E5 /* OnboardingInsightToneView.swift */; };
		4D6C7BA02DE47E99001036E5 /* OnboardingCosmicRhythmsView.swift in Sources */ = {isa = PBXBuildFile; fileRef = 4D6C7B942DE47E99001036E5 /* OnboardingCosmicRhythmsView.swift */; };
		4D6C7BA12DE47E99001036E5 /* OnboardingView.swift in Sources */ = {isa = PBXBuildFile; fileRef = 4D6C7B9A2DE47E99001036E5 /* OnboardingView.swift */; };
		4D6C7BA22DE47E99001036E5 /* OnboardingViewModel.swift in Sources */ = {isa = PBXBuildFile; fileRef = 4D6C7B9B2DE47E99001036E5 /* OnboardingViewModel.swift */; };
		4D6C7BA42DE47E99001036E5 /* OnboardingCosmicPreferenceView.swift in Sources */ = {isa = PBXBuildFile; fileRef = 4D6C7B932DE47E99001036E5 /* OnboardingCosmicPreferenceView.swift */; };
		4D6C7BA52DE47E99001036E5 /* OnboardingSpiritualModeView.swift in Sources */ = {isa = PBXBuildFile; fileRef = 4D6C7B992DE47E99001036E5 /* OnboardingSpiritualModeView.swift */; };
		4D6C7BA62DE47E99001036E5 /* OnboardingFocusTagsView.swift in Sources */ = {isa = PBXBuildFile; fileRef = 4D6C7B952DE47E99001036E5 /* OnboardingFocusTagsView.swift */; };
		4D6C7BA72DE47E99001036E5 /* OnboardingNotificationsView.swift in Sources */ = {isa = PBXBuildFile; fileRef = 4D6C7B972DE47E99001036E5 /* OnboardingNotificationsView.swift */; };
		4D6C7BAA2DE47F1B001036E5 /* InsightFilterService.swift in Sources */ = {isa = PBXBuildFile; fileRef = 4D6C7BA82DE47F1B001036E5 /* InsightFilterService.swift */; };
		4D6C7BAD2DE47F55001036E5 /* AuthService.swift in Sources */ = {isa = PBXBuildFile; fileRef = 4D6C7BAB2DE47F55001036E5 /* AuthService.swift */; };
		4D6C7BAF2DE47FC2001036E5 /* InsightTemplate.swift in Sources */ = {isa = PBXBuildFile; fileRef = 4D6C7BAE2DE47FC2001036E5 /* InsightTemplate.swift */; };
		4D6C7BB12DE4803E001036E5 /* AIInsightManager.swift in Sources */ = {isa = PBXBuildFile; fileRef = 4D6C7BB02DE4803E001036E5 /* AIInsightManager.swift */; };
		4D6C7BB32DE48067001036E5 /* NumerologyService.swift in Sources */ = {isa = PBXBuildFile; fileRef = 4D6C7BB22DE48067001036E5 /* NumerologyService.swift */; };
		4D6C7BB52DE48089001036E5 /* UserProfileService.swift in Sources */ = {isa = PBXBuildFile; fileRef = 4D6C7BB42DE48089001036E5 /* UserProfileService.swift */; };
		4D6C7BB72DE480B6001036E5 /* UserProfile.swift in Sources */ = {isa = PBXBuildFile; fileRef = 4D6C7BB62DE480B6001036E5 /* UserProfile.swift */; };
		4D6C7BB92DE480E4001036E5 /* PreparedInsight.swift in Sources */ = {isa = PBXBuildFile; fileRef = 4D6C7BB82DE480E4001036E5 /* PreparedInsight.swift */; };
		4D6C7BBB2DE48126001036E5 /* Logger+Extensions.swift in Sources */ = {isa = PBXBuildFile; fileRef = 4D6C7BBA2DE48126001036E5 /* Logger+Extensions.swift */; };
		4D6C7BBD2DE4885F001036E5 /* FirebaseFirestore in Frameworks */ = {isa = PBXBuildFile; productRef = 4D6C7BBC2DE4885F001036E5 /* FirebaseFirestore */; };
		4D80E0FD2D3F1B0B0020F7BB /* NumberMeaningView.swift in Sources */ = {isa = PBXBuildFile; fileRef = 4D80E0FC2D3F1B0B0020F7BB /* NumberMeaningView.swift */; };
		4D80E1012D3F1DD80020F7BB /* NumberMeaning.swift in Sources */ = {isa = PBXBuildFile; fileRef = 4D80E1002D3F1DD80020F7BB /* NumberMeaning.swift */; };
		4D80E1042D41DC5E0020F7BB /* MatchAnalyticsView.swift in Sources */ = {isa = PBXBuildFile; fileRef = 4D80E1032D41DC5E0020F7BB /* MatchAnalyticsView.swift */; };
		4D8AB7652D3B7A7900009BC9 /* ContentView.swift in Sources */ = {isa = PBXBuildFile; fileRef = 4D8AB7602D3B7A7900009BC9 /* ContentView.swift */; };
		4D92F48C2D49E9C90001A16E /* TestingView.swift in Sources */ = {isa = PBXBuildFile; fileRef = 4D92F48B2D49E9BF0001A16E /* TestingView.swift */; };
		4D92F4BA2D4DE1E80001A16E /* FocusNumberManager.swift in Sources */ = {isa = PBXBuildFile; fileRef = 4D92F4B72D4DE1E80001A16E /* FocusNumberManager.swift */; };
		4D92F4BB2D4DE1E80001A16E /* JournalManager.swift in Sources */ = {isa = PBXBuildFile; fileRef = 4D92F4B82D4DE1E80001A16E /* JournalManager.swift */; };
		4D92F4BC2D4DE1E80001A16E /* RealmNumberManager.swift in Sources */ = {isa = PBXBuildFile; fileRef = 4D92F4B92D4DE1E80001A16E /* RealmNumberManager.swift */; };
		4D92F4BD2D4DE1E80001A16E /* BackgroundManager.swift in Sources */ = {isa = PBXBuildFile; fileRef = 4D92F4B62D4DE1E80001A16E /* BackgroundManager.swift */; };
		4D92F4BF2D4DE6050001A16E /* HealthKitManager.swift in Sources */ = {isa = PBXBuildFile; fileRef = 4D92F4BE2D4DE5EA0001A16E /* HealthKitManager.swift */; };
		4DA01CAE2D8533F50070309D /* NotificationManager.swift in Sources */ = {isa = PBXBuildFile; fileRef = 4DA01CAD2D8533F50070309D /* NotificationManager.swift */; };
		4DA01CB22D8534BF0070309D /* NumberMatchNotificationView.swift in Sources */ = {isa = PBXBuildFile; fileRef = 4DA01CB12D8534BF0070309D /* NumberMatchNotificationView.swift */; };
		4DA01CB42D8537FB0070309D /* GoogleService-Info.plist in Resources */ = {isa = PBXBuildFile; fileRef = 4DA01CB32D8537FB0070309D /* GoogleService-Info.plist */; };
		4DA01CB72D853A640070309D /* FirebaseAnalytics in Frameworks */ = {isa = PBXBuildFile; productRef = 4DA01CB62D853A640070309D /* FirebaseAnalytics */; };
		4DA01CB92D853A640070309D /* FirebaseCore in Frameworks */ = {isa = PBXBuildFile; productRef = 4DA01CB82D853A640070309D /* FirebaseCore */; };
		4DA01CBB2D853A640070309D /* FirebaseMessaging in Frameworks */ = {isa = PBXBuildFile; productRef = 4DA01CBA2D853A640070309D /* FirebaseMessaging */; };
		4DA2EE2D2D502D1D001F8E9D /* HealthKitPermissionView.swift in Sources */ = {isa = PBXBuildFile; fileRef = 4DA2EE2C2D502D1D001F8E9D /* HealthKitPermissionView.swift */; };
		4DA6425D2D8113D80047287B /* HeartRateView.swift in Sources */ = {isa = PBXBuildFile; fileRef = 4DA6425C2D8113D80047287B /* HeartRateView.swift */; };
		4DA642642D8122590047287B /* HealthKitManaging.swift in Sources */ = {isa = PBXBuildFile; fileRef = 4DA642632D8122590047287B /* HealthKitManaging.swift */; };
		4DA642652D8122C70047287B /* HealthKitManaging.swift in Sources */ = {isa = PBXBuildFile; fileRef = 4DA642632D8122590047287B /* HealthKitManaging.swift */; };
		4DAD1E5D2D610C86005C3C85 /* FocusMatch.swift in Sources */ = {isa = PBXBuildFile; fileRef = 4DAD1E5C2D610C86005C3C85 /* FocusMatch.swift */; };
		4DBD0A8F2D3DBF8B00AD51D6 /* RealmNumberView.swift in Sources */ = {isa = PBXBuildFile; fileRef = 4DBD0A8E2D3DBF8B00AD51D6 /* RealmNumberView.swift */; };
		4DC602382D345A1B00B5E4A9 /* SignInViewModel.swift in Sources */ = {isa = PBXBuildFile; fileRef = 4DC602342D34570200B5E4A9 /* SignInViewModel.swift */; };
		4DC602392D345A3500B5E4A9 /* SignInView.swift in Sources */ = {isa = PBXBuildFile; fileRef = 4DC602352D34577E00B5E4A9 /* SignInView.swift */; };
		4DC6023A2D345C9E00B5E4A9 /* KeychainHelper.swift in Sources */ = {isa = PBXBuildFile; fileRef = 4DC602322D34552200B5E4A9 /* KeychainHelper.swift */; };
		4DC6023C2D345E2000B5E4A9 /* MainView.swift in Sources */ = {isa = PBXBuildFile; fileRef = 4DC6023B2D345E1C00B5E4A9 /* MainView.swift */; };
		4DC6023E2D34650400B5E4A9 /* HomeView.swift in Sources */ = {isa = PBXBuildFile; fileRef = 4DC6023D2D3464FA00B5E4A9 /* HomeView.swift */; };
		4DC602402D34651C00B5E4A9 /* SettingsView.swift in Sources */ = {isa = PBXBuildFile; fileRef = 4DC6023F2D34650C00B5E4A9 /* SettingsView.swift */; };
		4DC602422D34652600B5E4A9 /* AboutView.swift in Sources */ = {isa = PBXBuildFile; fileRef = 4DC602412D34652300B5E4A9 /* AboutView.swift */; };
		4DE4C37E2DB3918E00BB7572 /* NumerologyMessage.swift in Sources */ = {isa = PBXBuildFile; fileRef = 4DE4C37D2DB3918E00BB7572 /* NumerologyMessage.swift */; };
		4DE4C3802DB392E900BB7572 /* NumerologyNotificationTestView.swift in Sources */ = {isa = PBXBuildFile; fileRef = 4DE4C37F2DB392E900BB7572 /* NumerologyNotificationTestView.swift */; };
		4DE4C3822DB393DA00BB7572 /* NumerologyNotificationTester.swift in Sources */ = {isa = PBXBuildFile; fileRef = 4DE4C3812DB393DA00BB7572 /* NumerologyNotificationTester.swift */; };
/* End PBXBuildFile section */

/* Begin PBXContainerItemProxy section */
		4D80E1102D41E17A0020F7BB /* PBXContainerItemProxy */ = {
			isa = PBXContainerItemProxy;
			containerPortal = 4DC602132D343E8D00B5E4A9 /* Project object */;
			proxyType = 1;
			remoteGlobalIDString = 4DC6021A2D343E8D00B5E4A9;
			remoteInfo = VybeMVP;
		};
/* End PBXContainerItemProxy section */

/* Begin PBXFileReference section */
		4D0CA8D02DE69F4600D4A6D6 /* NumerologyRainView.swift */ = {isa = PBXFileReference; lastKnownFileType = sourcecode.swift; path = NumerologyRainView.swift; sourceTree = "<group>"; };
		4D3055B02D3C9942009A7BBD /* FocusNumberHelper.swift */ = {isa = PBXFileReference; lastKnownFileType = sourcecode.swift; path = FocusNumberHelper.swift; sourceTree = "<group>"; };
		4D3055B62D3C9C3B009A7BBD /* VybeMVP.xcodeproj */ = {isa = PBXFileReference; lastKnownFileType = "wrapper.pb-project"; path = VybeMVP.xcodeproj; sourceTree = SOURCE_ROOT; };
		4D3055BD2D3C9FF0009A7BBD /* FocusNumberView.swift */ = {isa = PBXFileReference; lastKnownFileType = sourcecode.swift; path = FocusNumberView.swift; sourceTree = "<group>"; };
		4D3055C02D3CA97C009A7BBD /* VybeMVP.xcdatamodel */ = {isa = PBXFileReference; lastKnownFileType = wrapper.xcdatamodel; path = VybeMVP.xcdatamodel; sourceTree = "<group>"; };
		4D3055C22D3CB018009A7BBD /* PersistenceController.swift */ = {isa = PBXFileReference; lastKnownFileType = sourcecode.swift; path = PersistenceController.swift; sourceTree = "<group>"; };
		4D3055C52D3CB201009A7BBD /* UserPreferences+Helper.swift */ = {isa = PBXFileReference; lastKnownFileType = sourcecode.swift; path = "UserPreferences+Helper.swift"; sourceTree = "<group>"; };
		4D3055C92D3CB981009A7BBD /* FocusMatch+Helper.swift */ = {isa = PBXFileReference; lastKnownFileType = sourcecode.swift; path = "FocusMatch+Helper.swift"; sourceTree = "<group>"; };
		4D3055CB2D3CBB36009A7BBD /* UserPreferences.swift */ = {isa = PBXFileReference; lastKnownFileType = sourcecode.swift; path = UserPreferences.swift; sourceTree = "<group>"; };
		4D3055CD2D3CC9CA009A7BBD /* FocusNumberPicker.swift */ = {isa = PBXFileReference; lastKnownFileType = sourcecode.swift; path = FocusNumberPicker.swift; sourceTree = "<group>"; };
		4D3055DD2D3CE8AE009A7BBD /* JournalView.swift */ = {isa = PBXFileReference; lastKnownFileType = sourcecode.swift; path = JournalView.swift; sourceTree = "<group>"; };
		4D3055E02D3CE90C009A7BBD /* FocusNumberContent.swift */ = {isa = PBXFileReference; lastKnownFileType = sourcecode.swift; path = FocusNumberContent.swift; sourceTree = "<group>"; };
		4D3055E22D3CEADA009A7BBD /* JournalEntry+CoreDataHelpers.swift */ = {isa = PBXFileReference; lastKnownFileType = sourcecode.swift; path = "JournalEntry+CoreDataHelpers.swift"; sourceTree = "<group>"; };
		4D3055E42D3CEDA5009A7BBD /* NewJournalEntryView.swift */ = {isa = PBXFileReference; lastKnownFileType = sourcecode.swift; path = NewJournalEntryView.swift; sourceTree = "<group>"; };
		4D3055E62D3CEEC9009A7BBD /* JournalEntryDetailView.swift */ = {isa = PBXFileReference; lastKnownFileType = sourcecode.swift; path = JournalEntryDetailView.swift; sourceTree = "<group>"; };
		4D3055E82D3CEF45009A7BBD /* EditJournalEntryView.swift */ = {isa = PBXFileReference; lastKnownFileType = sourcecode.swift; path = EditJournalEntryView.swift; sourceTree = "<group>"; };
		4D3055EA2D3CF492009A7BBD /* NumberCell.swift */ = {isa = PBXFileReference; lastKnownFileType = sourcecode.swift; path = NumberCell.swift; sourceTree = "<group>"; };
		4D3055EC2D3CF838009A7BBD /* OldLogger.swift */ = {isa = PBXFileReference; lastKnownFileType = sourcecode.swift; path = OldLogger.swift; sourceTree = "<group>"; };
		4D3055F82D3D899A009A7BBD /* JournalMood.swift */ = {isa = PBXFileReference; lastKnownFileType = sourcecode.swift; path = JournalMood.swift; sourceTree = "<group>"; };
		4D3055FB2D3D8F8A009A7BBD /* JournalListView.swift */ = {isa = PBXFileReference; lastKnownFileType = sourcecode.swift; path = JournalListView.swift; sourceTree = "<group>"; };
		4D3055FD2D3D903B009A7BBD /* JournalEntryRow.swift */ = {isa = PBXFileReference; lastKnownFileType = sourcecode.swift; path = JournalEntryRow.swift; sourceTree = "<group>"; };
		4D3055FF2D3D9245009A7BBD /* JournalEntryView.swift */ = {isa = PBXFileReference; lastKnownFileType = sourcecode.swift; path = JournalEntryView.swift; sourceTree = "<group>"; };
		4D3727072DE48D7100B5A02B /* NotificationNames.swift */ = {isa = PBXFileReference; lastKnownFileType = sourcecode.swift; path = NotificationNames.swift; sourceTree = "<group>"; };
		4D3727092DE50FEC00B5A02B /* OnboardingCompletionView.swift */ = {isa = PBXFileReference; lastKnownFileType = sourcecode.swift; path = OnboardingCompletionView.swift; sourceTree = "<group>"; };
		4D37270B2DE5404500B5A02B /* UserProfileTabView.swift */ = {isa = PBXFileReference; lastKnownFileType = sourcecode.swift; path = UserProfileTabView.swift; sourceTree = "<group>"; };
		4D37270E2DE5407100B5A02B /* InsightHistoryView.swift */ = {isa = PBXFileReference; lastKnownFileType = sourcecode.swift; path = InsightHistoryView.swift; sourceTree = "<group>"; };
		4D3727112DE540AE00B5A02B /* PersonalizedInsight.swift */ = {isa = PBXFileReference; lastKnownFileType = sourcecode.swift; path = PersonalizedInsight.swift; sourceTree = "<group>"; };
		4D3727132DE550ED00B5A02B /* CosmicBackgroundView.swift */ = {isa = PBXFileReference; lastKnownFileType = sourcecode.swift; path = CosmicBackgroundView.swift; sourceTree = "<group>"; };
		4D3727162DE551E100B5A02B /* ActivityNavigationManager.swift */ = {isa = PBXFileReference; lastKnownFileType = sourcecode.swift; path = ActivityNavigationManager.swift; sourceTree = "<group>"; };
		4D3727182DE5538A00B5A02B /* NumerologyInsightService.swift */ = {isa = PBXFileReference; lastKnownFileType = sourcecode.swift; path = NumerologyInsightService.swift; sourceTree = "<group>"; };
		4D37271A2DE554B700B5A02B /* ActivityView.swift */ = {isa = PBXFileReference; lastKnownFileType = sourcecode.swift; path = ActivityView.swift; sourceTree = "<group>"; };
		4D53BE242DEC151900BAE6AE /* VoiceRecordingManager.swift */ = {isa = PBXFileReference; lastKnownFileType = sourcecode.swift; path = VoiceRecordingManager.swift; sourceTree = "<group>"; };
		4D6C7B4C2DE45381001036E5 /* UserArchetype.swift */ = {isa = PBXFileReference; lastKnownFileType = sourcecode.swift; path = UserArchetype.swift; sourceTree = "<group>"; };
		4D6C7B502DE453B1001036E5 /* UserArchetypeManager.swift */ = {isa = PBXFileReference; lastKnownFileType = sourcecode.swift; path = UserArchetypeManager.swift; sourceTree = "<group>"; };
		4D6C7B542DE45441001036E5 /* ArchetypeDisplayView.swift */ = {isa = PBXFileReference; lastKnownFileType = sourcecode.swift; path = ArchetypeDisplayView.swift; sourceTree = "<group>"; };
		4D6C7B562DE4546C001036E5 /* ResonanceMatch.swift */ = {isa = PBXFileReference; lastKnownFileType = sourcecode.swift; path = ResonanceMatch.swift; sourceTree = "<group>"; };
		4D6C7B582DE45517001036E5 /* ResonanceEngine.swift */ = {isa = PBXFileReference; lastKnownFileType = sourcecode.swift; path = ResonanceEngine.swift; sourceTree = "<group>"; };
		4D6C7B5C2DE458A4001036E5 /* AuthenticationManager.swift */ = {isa = PBXFileReference; lastKnownFileType = sourcecode.swift; path = AuthenticationManager.swift; sourceTree = "<group>"; };
		4D6C7B5E2DE45C07001036E5 /* AuthenticationWrapperView.swift */ = {isa = PBXFileReference; lastKnownFileType = sourcecode.swift; path = AuthenticationWrapperView.swift; sourceTree = "<group>"; };
		4D6C7B622DE46A33001036E5 /* BirthdateInputView.swift */ = {isa = PBXFileReference; lastKnownFileType = sourcecode.swift; path = BirthdateInputView.swift; sourceTree = "<group>"; };
		4D6C7B932DE47E99001036E5 /* OnboardingCosmicPreferenceView.swift */ = {isa = PBXFileReference; lastKnownFileType = sourcecode.swift; path = OnboardingCosmicPreferenceView.swift; sourceTree = "<group>"; };
		4D6C7B942DE47E99001036E5 /* OnboardingCosmicRhythmsView.swift */ = {isa = PBXFileReference; lastKnownFileType = sourcecode.swift; path = OnboardingCosmicRhythmsView.swift; sourceTree = "<group>"; };
		4D6C7B952DE47E99001036E5 /* OnboardingFocusTagsView.swift */ = {isa = PBXFileReference; lastKnownFileType = sourcecode.swift; path = OnboardingFocusTagsView.swift; sourceTree = "<group>"; };
		4D6C7B962DE47E99001036E5 /* OnboardingInsightToneView.swift */ = {isa = PBXFileReference; lastKnownFileType = sourcecode.swift; path = OnboardingInsightToneView.swift; sourceTree = "<group>"; };
		4D6C7B972DE47E99001036E5 /* OnboardingNotificationsView.swift */ = {isa = PBXFileReference; lastKnownFileType = sourcecode.swift; path = OnboardingNotificationsView.swift; sourceTree = "<group>"; };
		4D6C7B982DE47E99001036E5 /* OnboardingReflectionModeView.swift */ = {isa = PBXFileReference; lastKnownFileType = sourcecode.swift; path = OnboardingReflectionModeView.swift; sourceTree = "<group>"; };
		4D6C7B992DE47E99001036E5 /* OnboardingSpiritualModeView.swift */ = {isa = PBXFileReference; lastKnownFileType = sourcecode.swift; path = OnboardingSpiritualModeView.swift; sourceTree = "<group>"; };
		4D6C7B9A2DE47E99001036E5 /* OnboardingView.swift */ = {isa = PBXFileReference; lastKnownFileType = sourcecode.swift; path = OnboardingView.swift; sourceTree = "<group>"; };
		4D6C7B9B2DE47E99001036E5 /* OnboardingViewModel.swift */ = {isa = PBXFileReference; lastKnownFileType = sourcecode.swift; path = OnboardingViewModel.swift; sourceTree = "<group>"; };
		4D6C7BA82DE47F1B001036E5 /* InsightFilterService.swift */ = {isa = PBXFileReference; lastKnownFileType = sourcecode.swift; path = InsightFilterService.swift; sourceTree = "<group>"; };
		4D6C7BAB2DE47F55001036E5 /* AuthService.swift */ = {isa = PBXFileReference; lastKnownFileType = sourcecode.swift; path = AuthService.swift; sourceTree = "<group>"; };
		4D6C7BAE2DE47FC2001036E5 /* InsightTemplate.swift */ = {isa = PBXFileReference; lastKnownFileType = sourcecode.swift; path = InsightTemplate.swift; sourceTree = "<group>"; };
		4D6C7BB02DE4803E001036E5 /* AIInsightManager.swift */ = {isa = PBXFileReference; lastKnownFileType = sourcecode.swift; path = AIInsightManager.swift; sourceTree = "<group>"; };
		4D6C7BB22DE48067001036E5 /* NumerologyService.swift */ = {isa = PBXFileReference; lastKnownFileType = sourcecode.swift; path = NumerologyService.swift; sourceTree = "<group>"; };
		4D6C7BB42DE48089001036E5 /* UserProfileService.swift */ = {isa = PBXFileReference; lastKnownFileType = sourcecode.swift; path = UserProfileService.swift; sourceTree = "<group>"; };
		4D6C7BB62DE480B6001036E5 /* UserProfile.swift */ = {isa = PBXFileReference; lastKnownFileType = sourcecode.swift; path = UserProfile.swift; sourceTree = "<group>"; };
		4D6C7BB82DE480E4001036E5 /* PreparedInsight.swift */ = {isa = PBXFileReference; lastKnownFileType = sourcecode.swift; path = PreparedInsight.swift; sourceTree = "<group>"; };
		4D6C7BBA2DE48126001036E5 /* Logger+Extensions.swift */ = {isa = PBXFileReference; lastKnownFileType = sourcecode.swift; path = "Logger+Extensions.swift"; sourceTree = "<group>"; };
		4D80E0FC2D3F1B0B0020F7BB /* NumberMeaningView.swift */ = {isa = PBXFileReference; lastKnownFileType = sourcecode.swift; path = NumberMeaningView.swift; sourceTree = "<group>"; };
		4D80E1002D3F1DD80020F7BB /* NumberMeaning.swift */ = {isa = PBXFileReference; lastKnownFileType = sourcecode.swift; path = NumberMeaning.swift; sourceTree = "<group>"; };
		4D80E1032D41DC5E0020F7BB /* MatchAnalyticsView.swift */ = {isa = PBXFileReference; lastKnownFileType = sourcecode.swift; path = MatchAnalyticsView.swift; sourceTree = "<group>"; };
		4D80E10C2D41E17A0020F7BB /* VybeMVPTests.xctest */ = {isa = PBXFileReference; explicitFileType = wrapper.cfbundle; includeInIndex = 0; path = VybeMVPTests.xctest; sourceTree = BUILT_PRODUCTS_DIR; };
		4D80E1192D41F0900020F7BB /* VybeMVP.xctestplan */ = {isa = PBXFileReference; lastKnownFileType = text; path = VybeMVP.xctestplan; sourceTree = "<group>"; };
		4D8AB7602D3B7A7900009BC9 /* ContentView.swift */ = {isa = PBXFileReference; lastKnownFileType = sourcecode.swift; path = ContentView.swift; sourceTree = "<group>"; };
		4D92F48B2D49E9BF0001A16E /* TestingView.swift */ = {isa = PBXFileReference; lastKnownFileType = sourcecode.swift; path = TestingView.swift; sourceTree = "<group>"; };
		4D92F4B62D4DE1E80001A16E /* BackgroundManager.swift */ = {isa = PBXFileReference; lastKnownFileType = sourcecode.swift; path = BackgroundManager.swift; sourceTree = "<group>"; };
		4D92F4B72D4DE1E80001A16E /* FocusNumberManager.swift */ = {isa = PBXFileReference; lastKnownFileType = sourcecode.swift; path = FocusNumberManager.swift; sourceTree = "<group>"; };
		4D92F4B82D4DE1E80001A16E /* JournalManager.swift */ = {isa = PBXFileReference; lastKnownFileType = sourcecode.swift; path = JournalManager.swift; sourceTree = "<group>"; };
		4D92F4B92D4DE1E80001A16E /* RealmNumberManager.swift */ = {isa = PBXFileReference; lastKnownFileType = sourcecode.swift; path = RealmNumberManager.swift; sourceTree = "<group>"; };
		4D92F4BE2D4DE5EA0001A16E /* HealthKitManager.swift */ = {isa = PBXFileReference; lastKnownFileType = sourcecode.swift; path = HealthKitManager.swift; sourceTree = "<group>"; };
		4DA01CAD2D8533F50070309D /* NotificationManager.swift */ = {isa = PBXFileReference; lastKnownFileType = sourcecode.swift; path = NotificationManager.swift; sourceTree = "<group>"; };
		4DA01CB12D8534BF0070309D /* NumberMatchNotificationView.swift */ = {isa = PBXFileReference; lastKnownFileType = sourcecode.swift; path = NumberMatchNotificationView.swift; sourceTree = "<group>"; };
		4DA01CB32D8537FB0070309D /* GoogleService-Info.plist */ = {isa = PBXFileReference; lastKnownFileType = text.plist.xml; path = "GoogleService-Info.plist"; sourceTree = "<group>"; };
		4DA2EE2C2D502D1D001F8E9D /* HealthKitPermissionView.swift */ = {isa = PBXFileReference; lastKnownFileType = sourcecode.swift; path = HealthKitPermissionView.swift; sourceTree = "<group>"; };
		4DA6425C2D8113D80047287B /* HeartRateView.swift */ = {isa = PBXFileReference; lastKnownFileType = sourcecode.swift; path = HeartRateView.swift; sourceTree = "<group>"; };
		4DA642632D8122590047287B /* HealthKitManaging.swift */ = {isa = PBXFileReference; lastKnownFileType = sourcecode.swift; path = HealthKitManaging.swift; sourceTree = "<group>"; };
		4DAD1E5C2D610C86005C3C85 /* FocusMatch.swift */ = {isa = PBXFileReference; lastKnownFileType = sourcecode.swift; path = FocusMatch.swift; sourceTree = "<group>"; };
		4DBD0A8E2D3DBF8B00AD51D6 /* RealmNumberView.swift */ = {isa = PBXFileReference; lastKnownFileType = sourcecode.swift; path = RealmNumberView.swift; sourceTree = "<group>"; };
		4DC6021B2D343E8D00B5E4A9 /* VybeMVP.app */ = {isa = PBXFileReference; explicitFileType = wrapper.application; includeInIndex = 0; path = VybeMVP.app; sourceTree = BUILT_PRODUCTS_DIR; };
		4DC602322D34552200B5E4A9 /* KeychainHelper.swift */ = {isa = PBXFileReference; lastKnownFileType = sourcecode.swift; path = KeychainHelper.swift; sourceTree = "<group>"; };
		4DC602342D34570200B5E4A9 /* SignInViewModel.swift */ = {isa = PBXFileReference; lastKnownFileType = sourcecode.swift; path = SignInViewModel.swift; sourceTree = "<group>"; };
		4DC602352D34577E00B5E4A9 /* SignInView.swift */ = {isa = PBXFileReference; lastKnownFileType = sourcecode.swift; path = SignInView.swift; sourceTree = "<group>"; };
		4DC6023B2D345E1C00B5E4A9 /* MainView.swift */ = {isa = PBXFileReference; lastKnownFileType = sourcecode.swift; path = MainView.swift; sourceTree = "<group>"; };
		4DC6023D2D3464FA00B5E4A9 /* HomeView.swift */ = {isa = PBXFileReference; lastKnownFileType = sourcecode.swift; path = HomeView.swift; sourceTree = "<group>"; };
		4DC6023F2D34650C00B5E4A9 /* SettingsView.swift */ = {isa = PBXFileReference; lastKnownFileType = sourcecode.swift; path = SettingsView.swift; sourceTree = "<group>"; };
		4DC602412D34652300B5E4A9 /* AboutView.swift */ = {isa = PBXFileReference; lastKnownFileType = sourcecode.swift; path = AboutView.swift; sourceTree = "<group>"; };
		4DCE3BCF2D3C75E80022F283 /* Info.plist */ = {isa = PBXFileReference; lastKnownFileType = text.plist.xml; path = Info.plist; sourceTree = "<group>"; };
		4DE4C37D2DB3918E00BB7572 /* NumerologyMessage.swift */ = {isa = PBXFileReference; lastKnownFileType = sourcecode.swift; path = NumerologyMessage.swift; sourceTree = "<group>"; };
		4DE4C37F2DB392E900BB7572 /* NumerologyNotificationTestView.swift */ = {isa = PBXFileReference; lastKnownFileType = sourcecode.swift; path = NumerologyNotificationTestView.swift; sourceTree = "<group>"; };
		4DE4C3812DB393DA00BB7572 /* NumerologyNotificationTester.swift */ = {isa = PBXFileReference; lastKnownFileType = sourcecode.swift; path = NumerologyNotificationTester.swift; sourceTree = "<group>"; };
		4DF0F5A82D4FEF3F007EC3BF /* VybeMVP.entitlements */ = {isa = PBXFileReference; lastKnownFileType = text.plist.entitlements; path = VybeMVP.entitlements; sourceTree = "<group>"; };
/* End PBXFileReference section */

/* Begin PBXFileSystemSynchronizedRootGroup section */
		4D80E10D2D41E17A0020F7BB /* VybeMVPTests */ = {
			isa = PBXFileSystemSynchronizedRootGroup;
			path = VybeMVPTests;
			sourceTree = "<group>";
		};
		4D8AB7702D3C746200009BC9 /* Preview Content */ = {
			isa = PBXFileSystemSynchronizedRootGroup;
			path = "Preview Content";
			sourceTree = "<group>";
		};
		4DC6021D2D343E8D00B5E4A9 /* VybeApp */ = {
			isa = PBXFileSystemSynchronizedRootGroup;
			path = VybeApp;
			sourceTree = "<group>";
		};
		4DE4C3A22DB5C85D00BB7572 /* NumerologyData */ = {
			isa = PBXFileSystemSynchronizedRootGroup;
			path = NumerologyData;
			sourceTree = "<group>";
		};
/* End PBXFileSystemSynchronizedRootGroup section */

/* Begin PBXFrameworksBuildPhase section */
		4D80E1092D41E17A0020F7BB /* Frameworks */ = {
			isa = PBXFrameworksBuildPhase;
			buildActionMask = 2147483647;
			files = (
			);
			runOnlyForDeploymentPostprocessing = 0;
		};
		4DC602182D343E8D00B5E4A9 /* Frameworks */ = {
			isa = PBXFrameworksBuildPhase;
			buildActionMask = 2147483647;
			files = (
				4DA01CBB2D853A640070309D /* FirebaseMessaging in Frameworks */,
				4D6C7BBD2DE4885F001036E5 /* FirebaseFirestore in Frameworks */,
				4DA01CB92D853A640070309D /* FirebaseCore in Frameworks */,
				4DA01CB72D853A640070309D /* FirebaseAnalytics in Frameworks */,
			);
			runOnlyForDeploymentPostprocessing = 0;
		};
/* End PBXFrameworksBuildPhase section */

/* Begin PBXGroup section */
		4D03651B2DB5C912004227CB /* Products */ = {
			isa = PBXGroup;
			name = Products;
			sourceTree = "<group>";
		};
		4D3055972D3C941B009A7BBD /* Data */ = {
			isa = PBXGroup;
			children = (
				4DAD1E5C2D610C86005C3C85 /* FocusMatch.swift */,
				4D3055C52D3CB201009A7BBD /* UserPreferences+Helper.swift */,
				4D3055B02D3C9942009A7BBD /* FocusNumberHelper.swift */,
				4D3055BF2D3CA97C009A7BBD /* VybeMVP.xcdatamodeld */,
				4D3055C22D3CB018009A7BBD /* PersistenceController.swift */,
				4D3055C92D3CB981009A7BBD /* FocusMatch+Helper.swift */,
				4D3055CB2D3CBB36009A7BBD /* UserPreferences.swift */,
				4D3055E22D3CEADA009A7BBD /* JournalEntry+CoreDataHelpers.swift */,
			);
			path = Data;
			sourceTree = "<group>";
		};
		4D3055982D3C9462009A7BBD /* Managers */ = {
			isa = PBXGroup;
			children = (
				4D53BE242DEC151900BAE6AE /* VoiceRecordingManager.swift */,
				4D3727162DE551E100B5A02B /* ActivityNavigationManager.swift */,
				4D6C7BB42DE48089001036E5 /* UserProfileService.swift */,
				4D6C7BB22DE48067001036E5 /* NumerologyService.swift */,
				4D6C7BB02DE4803E001036E5 /* AIInsightManager.swift */,
				4D6C7BA92DE47F1B001036E5 /* Services */,
				4D6C7B5C2DE458A4001036E5 /* AuthenticationManager.swift */,
				4D6C7B582DE45517001036E5 /* ResonanceEngine.swift */,
				4D6C7B502DE453B1001036E5 /* UserArchetypeManager.swift */,
				4DA01CAD2D8533F50070309D /* NotificationManager.swift */,
				4DA642632D8122590047287B /* HealthKitManaging.swift */,
				4D92F4BE2D4DE5EA0001A16E /* HealthKitManager.swift */,
				4D92F4B62D4DE1E80001A16E /* BackgroundManager.swift */,
				4D92F4B72D4DE1E80001A16E /* FocusNumberManager.swift */,
				4D92F4B82D4DE1E80001A16E /* JournalManager.swift */,
				4D92F4B92D4DE1E80001A16E /* RealmNumberManager.swift */,
			);
			path = Managers;
			sourceTree = "<group>";
		};
		4D3055DE2D3CE8AE009A7BBD /* Journal */ = {
			isa = PBXGroup;
			children = (
				4D3055DD2D3CE8AE009A7BBD /* JournalView.swift */,
				4D3055E42D3CEDA5009A7BBD /* NewJournalEntryView.swift */,
				4D3055E62D3CEEC9009A7BBD /* JournalEntryDetailView.swift */,
				4D3055E82D3CEF45009A7BBD /* EditJournalEntryView.swift */,
			);
			path = Journal;
			sourceTree = "<group>";
		};
		4D3055ED2D3CF838009A7BBD /* Utilities */ = {
			isa = PBXGroup;
			children = (
				4D3727072DE48D7100B5A02B /* NotificationNames.swift */,
				4D6C7BBA2DE48126001036E5 /* Logger+Extensions.swift */,
				4DE4C3812DB393DA00BB7572 /* NumerologyNotificationTester.swift */,
				4D3055EC2D3CF838009A7BBD /* OldLogger.swift */,
			);
			path = Utilities;
			sourceTree = "<group>";
		};
		4D3055F92D3D899A009A7BBD /* Models */ = {
			isa = PBXGroup;
			children = (
				4D3727112DE540AE00B5A02B /* PersonalizedInsight.swift */,
				4D6C7BB82DE480E4001036E5 /* PreparedInsight.swift */,
				4D6C7BB62DE480B6001036E5 /* UserProfile.swift */,
				4D6C7BAE2DE47FC2001036E5 /* InsightTemplate.swift */,
				4D6C7B562DE4546C001036E5 /* ResonanceMatch.swift */,
				4D6C7B4C2DE45381001036E5 /* UserArchetype.swift */,
				4DE4C37D2DB3918E00BB7572 /* NumerologyMessage.swift */,
				4D3055F82D3D899A009A7BBD /* JournalMood.swift */,
				4D80E1002D3F1DD80020F7BB /* NumberMeaning.swift */,
			);
			path = Models;
			sourceTree = "<group>";
		};
		4D37270C2DE5404500B5A02B /* UserProfile */ = {
			isa = PBXGroup;
			children = (
				4D37270B2DE5404500B5A02B /* UserProfileTabView.swift */,
			);
			path = UserProfile;
			sourceTree = "<group>";
		};
		4D37270F2DE5407100B5A02B /* Insights */ = {
			isa = PBXGroup;
			children = (
				4D37270E2DE5407100B5A02B /* InsightHistoryView.swift */,
			);
			path = Insights;
			sourceTree = "<group>";
		};
		4D3727142DE550ED00B5A02B /* ReusableComponents */ = {
			isa = PBXGroup;
			children = (
				4D0CA8D02DE69F4600D4A6D6 /* NumerologyRainView.swift */,
				4D3727132DE550ED00B5A02B /* CosmicBackgroundView.swift */,
			);
			path = ReusableComponents;
			sourceTree = "<group>";
		};
		4D37271B2DE554B700B5A02B /* Activity */ = {
			isa = PBXGroup;
			children = (
				4D37271A2DE554B700B5A02B /* ActivityView.swift */,
			);
			path = Activity;
			sourceTree = "<group>";
		};
		4D6C7B9C2DE47E99001036E5 /* Onboarding */ = {
			isa = PBXGroup;
			children = (
				4D3727092DE50FEC00B5A02B /* OnboardingCompletionView.swift */,
				4D6C7B932DE47E99001036E5 /* OnboardingCosmicPreferenceView.swift */,
				4D6C7B942DE47E99001036E5 /* OnboardingCosmicRhythmsView.swift */,
				4D6C7B952DE47E99001036E5 /* OnboardingFocusTagsView.swift */,
				4D6C7B962DE47E99001036E5 /* OnboardingInsightToneView.swift */,
				4D6C7B972DE47E99001036E5 /* OnboardingNotificationsView.swift */,
				4D6C7B982DE47E99001036E5 /* OnboardingReflectionModeView.swift */,
				4D6C7B992DE47E99001036E5 /* OnboardingSpiritualModeView.swift */,
				4D6C7B9A2DE47E99001036E5 /* OnboardingView.swift */,
				4D6C7B9B2DE47E99001036E5 /* OnboardingViewModel.swift */,
			);
			path = Onboarding;
			sourceTree = "<group>";
		};
		4D6C7BA92DE47F1B001036E5 /* Services */ = {
			isa = PBXGroup;
			children = (
				4D3727182DE5538A00B5A02B /* NumerologyInsightService.swift */,
				4D6C7BA82DE47F1B001036E5 /* InsightFilterService.swift */,
			);
			path = Services;
			sourceTree = "<group>";
		};
		4D6C7BAC2DE47F55001036E5 /* Auth */ = {
			isa = PBXGroup;
			children = (
				4D6C7BAB2DE47F55001036E5 /* AuthService.swift */,
			);
			path = Auth;
			sourceTree = "<group>";
		};
		4DC602122D343E8D00B5E4A9 = {
			isa = PBXGroup;
			children = (
				4D6C7BAC2DE47F55001036E5 /* Auth */,
				4DE4C3A22DB5C85D00BB7572 /* NumerologyData */,
				4DA01CB32D8537FB0070309D /* GoogleService-Info.plist */,
				4D3055B62D3C9C3B009A7BBD /* VybeMVP.xcodeproj */,
				4DF0F5A82D4FEF3F007EC3BF /* VybeMVP.entitlements */,
				4D80E1192D41F0900020F7BB /* VybeMVP.xctestplan */,
				4D3055ED2D3CF838009A7BBD /* Utilities */,
				4DCE3BCF2D3C75E80022F283 /* Info.plist */,
				4DC6022D2D34440900B5E4A9 /* Core */,
				4D3055982D3C9462009A7BBD /* Managers */,
				4DC6022E2D34440900B5E4A9 /* Features */,
				4DC602302D34440900B5E4A9 /* Views */,
				4D8AB7702D3C746200009BC9 /* Preview Content */,
				4D80E10D2D41E17A0020F7BB /* VybeMVPTests */,
				4DC6021C2D343E8D00B5E4A9 /* Products */,
				4DC6021D2D343E8D00B5E4A9 /* VybeApp */,
			);
			sourceTree = "<group>";
		};
		4DC6021C2D343E8D00B5E4A9 /* Products */ = {
			isa = PBXGroup;
			children = (
				4DC6021B2D343E8D00B5E4A9 /* VybeMVP.app */,
				4D80E10C2D41E17A0020F7BB /* VybeMVPTests.xctest */,
			);
			name = Products;
			sourceTree = "<group>";
		};
		4DC6022D2D34440900B5E4A9 /* Core */ = {
			isa = PBXGroup;
			children = (
				4D3055972D3C941B009A7BBD /* Data */,
				4DC602322D34552200B5E4A9 /* KeychainHelper.swift */,
				4D3055F92D3D899A009A7BBD /* Models */,
			);
			path = Core;
			sourceTree = "<group>";
		};
		4DC6022E2D34440900B5E4A9 /* Features */ = {
			isa = PBXGroup;
			children = (
				4D37271B2DE554B700B5A02B /* Activity */,
				4D37270F2DE5407100B5A02B /* Insights */,
				4D37270C2DE5404500B5A02B /* UserProfile */,
				4D6C7B9C2DE47E99001036E5 /* Onboarding */,
				4DC602332D3456B700B5E4A9 /* SignIn */,
				4D3055DE2D3CE8AE009A7BBD /* Journal */,
			);
			path = Features;
			sourceTree = "<group>";
		};
		4DC602302D34440900B5E4A9 /* Views */ = {
			isa = PBXGroup;
			children = (
				4D3727142DE550ED00B5A02B /* ReusableComponents */,
				4D6C7B622DE46A33001036E5 /* BirthdateInputView.swift */,
				4D6C7B5E2DE45C07001036E5 /* AuthenticationWrapperView.swift */,
				4D6C7B542DE45441001036E5 /* ArchetypeDisplayView.swift */,
				4DE4C37F2DB392E900BB7572 /* NumerologyNotificationTestView.swift */,
				4DA01CB12D8534BF0070309D /* NumberMatchNotificationView.swift */,
				4DA6425C2D8113D80047287B /* HeartRateView.swift */,
				4DA2EE2C2D502D1D001F8E9D /* HealthKitPermissionView.swift */,
				4D92F48B2D49E9BF0001A16E /* TestingView.swift */,
				4D3055FF2D3D9245009A7BBD /* JournalEntryView.swift */,
				4DC602412D34652300B5E4A9 /* AboutView.swift */,
				4DC6023F2D34650C00B5E4A9 /* SettingsView.swift */,
				4D8AB7602D3B7A7900009BC9 /* ContentView.swift */,
				4DC6023D2D3464FA00B5E4A9 /* HomeView.swift */,
				4DC6023B2D345E1C00B5E4A9 /* MainView.swift */,
				4DC602352D34577E00B5E4A9 /* SignInView.swift */,
				4D3055BD2D3C9FF0009A7BBD /* FocusNumberView.swift */,
				4D3055CD2D3CC9CA009A7BBD /* FocusNumberPicker.swift */,
				4D3055E02D3CE90C009A7BBD /* FocusNumberContent.swift */,
				4D3055EA2D3CF492009A7BBD /* NumberCell.swift */,
				4D3055FB2D3D8F8A009A7BBD /* JournalListView.swift */,
				4D3055FD2D3D903B009A7BBD /* JournalEntryRow.swift */,
				4DBD0A8E2D3DBF8B00AD51D6 /* RealmNumberView.swift */,
				4D80E0FC2D3F1B0B0020F7BB /* NumberMeaningView.swift */,
				4D80E1032D41DC5E0020F7BB /* MatchAnalyticsView.swift */,
			);
			path = Views;
			sourceTree = "<group>";
		};
		4DC602332D3456B700B5E4A9 /* SignIn */ = {
			isa = PBXGroup;
			children = (
				4DC602342D34570200B5E4A9 /* SignInViewModel.swift */,
			);
			path = SignIn;
			sourceTree = "<group>";
		};
/* End PBXGroup section */

/* Begin PBXNativeTarget section */
		4D80E10B2D41E17A0020F7BB /* VybeMVPTests */ = {
			isa = PBXNativeTarget;
			buildConfigurationList = 4D80E1122D41E17A0020F7BB /* Build configuration list for PBXNativeTarget "VybeMVPTests" */;
			buildPhases = (
				4D80E1082D41E17A0020F7BB /* Sources */,
				4D80E1092D41E17A0020F7BB /* Frameworks */,
				4D80E10A2D41E17A0020F7BB /* Resources */,
			);
			buildRules = (
			);
			dependencies = (
				4D80E1112D41E17A0020F7BB /* PBXTargetDependency */,
			);
			fileSystemSynchronizedGroups = (
				4D80E10D2D41E17A0020F7BB /* VybeMVPTests */,
			);
			name = VybeMVPTests;
			packageProductDependencies = (
			);
			productName = VybeMVPTests;
			productReference = 4D80E10C2D41E17A0020F7BB /* VybeMVPTests.xctest */;
			productType = "com.apple.product-type.bundle.unit-test";
		};
		4DC6021A2D343E8D00B5E4A9 /* VybeMVP */ = {
			isa = PBXNativeTarget;
			buildConfigurationList = 4DC602292D343E8E00B5E4A9 /* Build configuration list for PBXNativeTarget "VybeMVP" */;
			buildPhases = (
				4DC602172D343E8D00B5E4A9 /* Sources */,
				4DC602182D343E8D00B5E4A9 /* Frameworks */,
				4DC602192D343E8D00B5E4A9 /* Resources */,
			);
			buildRules = (
			);
			dependencies = (
			);
			fileSystemSynchronizedGroups = (
				4D8AB7702D3C746200009BC9 /* Preview Content */,
				4DC6021D2D343E8D00B5E4A9 /* VybeApp */,
				4DE4C3A22DB5C85D00BB7572 /* NumerologyData */,
			);
			name = VybeMVP;
			packageProductDependencies = (
				4DA01CB62D853A640070309D /* FirebaseAnalytics */,
				4DA01CB82D853A640070309D /* FirebaseCore */,
				4DA01CBA2D853A640070309D /* FirebaseMessaging */,
				4D6C7BBC2DE4885F001036E5 /* FirebaseFirestore */,
			);
			productName = VybeMVP;
			productReference = 4DC6021B2D343E8D00B5E4A9 /* VybeMVP.app */;
			productType = "com.apple.product-type.application";
		};
/* End PBXNativeTarget section */

/* Begin PBXProject section */
		4DC602132D343E8D00B5E4A9 /* Project object */ = {
			isa = PBXProject;
			attributes = {
				BuildIndependentTargetsInParallel = 1;
				LastSwiftUpdateCheck = 1620;
				LastUpgradeCheck = 1630;
				TargetAttributes = {
					4D80E10B2D41E17A0020F7BB = {
						CreatedOnToolsVersion = 16.2;
						TestTargetID = 4DC6021A2D343E8D00B5E4A9;
					};
					4DC6021A2D343E8D00B5E4A9 = {
						CreatedOnToolsVersion = 16.2;
					};
				};
			};
			buildConfigurationList = 4DC602162D343E8D00B5E4A9 /* Build configuration list for PBXProject "VybeMVP" */;
			developmentRegion = en;
			hasScannedForEncodings = 0;
			knownRegions = (
				en,
				Base,
			);
			mainGroup = 4DC602122D343E8D00B5E4A9;
			minimizedProjectReferenceProxies = 1;
			packageReferences = (
				4DA01CB52D853A640070309D /* XCRemoteSwiftPackageReference "firebase-ios-sdk" */,
			);
			preferredProjectObjectVersion = 77;
			productRefGroup = 4DC6021C2D343E8D00B5E4A9 /* Products */;
			projectDirPath = "";
			projectReferences = (
				{
					ProductGroup = 4D03651B2DB5C912004227CB /* Products */;
					ProjectRef = 4D3055B62D3C9C3B009A7BBD /* VybeMVP.xcodeproj */;
				},
			);
			projectRoot = "";
			targets = (
				4DC6021A2D343E8D00B5E4A9 /* VybeMVP */,
				4D80E10B2D41E17A0020F7BB /* VybeMVPTests */,
			);
		};
/* End PBXProject section */

/* Begin PBXResourcesBuildPhase section */
		4D80E10A2D41E17A0020F7BB /* Resources */ = {
			isa = PBXResourcesBuildPhase;
			buildActionMask = 2147483647;
			files = (
			);
			runOnlyForDeploymentPostprocessing = 0;
		};
		4DC602192D343E8D00B5E4A9 /* Resources */ = {
			isa = PBXResourcesBuildPhase;
			buildActionMask = 2147483647;
			files = (
				4DA01CB42D8537FB0070309D /* GoogleService-Info.plist in Resources */,
			);
			runOnlyForDeploymentPostprocessing = 0;
		};
/* End PBXResourcesBuildPhase section */

/* Begin PBXSourcesBuildPhase section */
		4D80E1082D41E17A0020F7BB /* Sources */ = {
			isa = PBXSourcesBuildPhase;
			buildActionMask = 2147483647;
			files = (
				4DA642652D8122C70047287B /* HealthKitManaging.swift in Sources */,
			);
			runOnlyForDeploymentPostprocessing = 0;
		};
		4DC602172D343E8D00B5E4A9 /* Sources */ = {
			isa = PBXSourcesBuildPhase;
			buildActionMask = 2147483647;
			files = (
				4D6C7BB32DE48067001036E5 /* NumerologyService.swift in Sources */,
				4D6C7BBB2DE48126001036E5 /* Logger+Extensions.swift in Sources */,
				4D3055FC2D3D8F8A009A7BBD /* JournalListView.swift in Sources */,
				4DC602402D34651C00B5E4A9 /* SettingsView.swift in Sources */,
				4D80E1012D3F1DD80020F7BB /* NumberMeaning.swift in Sources */,
				4DC6023E2D34650400B5E4A9 /* HomeView.swift in Sources */,
				4D6C7B592DE45517001036E5 /* ResonanceEngine.swift in Sources */,
				4D3055FA2D3D899A009A7BBD /* JournalMood.swift in Sources */,
				4D92F48C2D49E9C90001A16E /* TestingView.swift in Sources */,
				4D3727082DE48D7100B5A02B /* NotificationNames.swift in Sources */,
				4DA2EE2D2D502D1D001F8E9D /* HealthKitPermissionView.swift in Sources */,
				4D80E1042D41DC5E0020F7BB /* MatchAnalyticsView.swift in Sources */,
				4D3055C62D3CB201009A7BBD /* UserPreferences+Helper.swift in Sources */,
				4DA642642D8122590047287B /* HealthKitManaging.swift in Sources */,
				4DBD0A8F2D3DBF8B00AD51D6 /* RealmNumberView.swift in Sources */,
				4DE4C37E2DB3918E00BB7572 /* NumerologyMessage.swift in Sources */,
				4D6C7BB72DE480B6001036E5 /* UserProfile.swift in Sources */,
				4D3055C12D3CA97C009A7BBD /* VybeMVP.xcdatamodeld in Sources */,
				4D6C7BB92DE480E4001036E5 /* PreparedInsight.swift in Sources */,
				4D3055CE2D3CC9CA009A7BBD /* FocusNumberPicker.swift in Sources */,
				4D3055EB2D3CF492009A7BBD /* NumberCell.swift in Sources */,
				4D3055DF2D3CE8AE009A7BBD /* JournalView.swift in Sources */,
				4D3727102DE5407100B5A02B /* InsightHistoryView.swift in Sources */,
				4D80E0FD2D3F1B0B0020F7BB /* NumberMeaningView.swift in Sources */,
				4D3055E72D3CEEC9009A7BBD /* JournalEntryDetailView.swift in Sources */,
				4D3055B12D3C9942009A7BBD /* FocusNumberHelper.swift in Sources */,
				4DA01CAE2D8533F50070309D /* NotificationManager.swift in Sources */,
				4DA6425D2D8113D80047287B /* HeartRateView.swift in Sources */,
				4D3055BE2D3C9FF0009A7BBD /* FocusNumberView.swift in Sources */,
				4D3055EE2D3CF838009A7BBD /* OldLogger.swift in Sources */,
				4D37271C2DE554B700B5A02B /* ActivityView.swift in Sources */,
				4D6C7BAD2DE47F55001036E5 /* AuthService.swift in Sources */,
				4D6C7BB12DE4803E001036E5 /* AIInsightManager.swift in Sources */,
				4D92F4BF2D4DE6050001A16E /* HealthKitManager.swift in Sources */,
				4D3055CC2D3CBB36009A7BBD /* UserPreferences.swift in Sources */,
				4D3055FE2D3D903B009A7BBD /* JournalEntryRow.swift in Sources */,
				4DC6023C2D345E2000B5E4A9 /* MainView.swift in Sources */,
				4D3055E92D3CEF45009A7BBD /* EditJournalEntryView.swift in Sources */,
				4D6C7B5F2DE45C07001036E5 /* AuthenticationWrapperView.swift in Sources */,
				4DA01CB22D8534BF0070309D /* NumberMatchNotificationView.swift in Sources */,
				4D6C7B572DE4546C001036E5 /* ResonanceMatch.swift in Sources */,
				4D3055E52D3CEDA5009A7BBD /* NewJournalEntryView.swift in Sources */,
				4D6C7B552DE45441001036E5 /* ArchetypeDisplayView.swift in Sources */,
				4D3055C32D3CB018009A7BBD /* PersistenceController.swift in Sources */,
				4D3055CA2D3CB981009A7BBD /* FocusMatch+Helper.swift in Sources */,
				4DC602422D34652600B5E4A9 /* AboutView.swift in Sources */,
				4D3056002D3D9245009A7BBD /* JournalEntryView.swift in Sources */,
				4D3727152DE550ED00B5A02B /* CosmicBackgroundView.swift in Sources */,
				4D6C7B9D2DE47E99001036E5 /* OnboardingReflectionModeView.swift in Sources */,
				4D0CA8D12DE69F4600D4A6D6 /* NumerologyRainView.swift in Sources */,
				4D6C7B9E2DE47E99001036E5 /* OnboardingInsightToneView.swift in Sources */,
				4D6C7BA02DE47E99001036E5 /* OnboardingCosmicRhythmsView.swift in Sources */,
				4D6C7BA12DE47E99001036E5 /* OnboardingView.swift in Sources */,
				4D6C7BA22DE47E99001036E5 /* OnboardingViewModel.swift in Sources */,
				4D53BE252DEC151900BAE6AE /* VoiceRecordingManager.swift in Sources */,
				4D6C7BB52DE48089001036E5 /* UserProfileService.swift in Sources */,
				4D6C7BA42DE47E99001036E5 /* OnboardingCosmicPreferenceView.swift in Sources */,
				4D6C7BA52DE47E99001036E5 /* OnboardingSpiritualModeView.swift in Sources */,
				4D6C7BA62DE47E99001036E5 /* OnboardingFocusTagsView.swift in Sources */,
				4D6C7BA72DE47E99001036E5 /* OnboardingNotificationsView.swift in Sources */,
				4D6C7BAA2DE47F1B001036E5 /* InsightFilterService.swift in Sources */,
				4DC602392D345A3500B5E4A9 /* SignInView.swift in Sources */,
				4DC6023A2D345C9E00B5E4A9 /* KeychainHelper.swift in Sources */,
				4D8AB7652D3B7A7900009BC9 /* ContentView.swift in Sources */,
				4DE4C3802DB392E900BB7572 /* NumerologyNotificationTestView.swift in Sources */,
				4D6C7B5D2DE458A4001036E5 /* AuthenticationManager.swift in Sources */,
				4D3727122DE540AE00B5A02B /* PersonalizedInsight.swift in Sources */,
				4DC602382D345A1B00B5E4A9 /* SignInViewModel.swift in Sources */,
				4D6C7B512DE453B1001036E5 /* UserArchetypeManager.swift in Sources */,
				4D92F4BA2D4DE1E80001A16E /* FocusNumberManager.swift in Sources */,
				4D6C7BAF2DE47FC2001036E5 /* InsightTemplate.swift in Sources */,
				4D3727172DE551E100B5A02B /* ActivityNavigationManager.swift in Sources */,
				4D3727192DE5538A00B5A02B /* NumerologyInsightService.swift in Sources */,
				4D92F4BB2D4DE1E80001A16E /* JournalManager.swift in Sources */,
				4DE4C3822DB393DA00BB7572 /* NumerologyNotificationTester.swift in Sources */,
				4D6C7B632DE46A33001036E5 /* BirthdateInputView.swift in Sources */,
				4D92F4BC2D4DE1E80001A16E /* RealmNumberManager.swift in Sources */,
				4DAD1E5D2D610C86005C3C85 /* FocusMatch.swift in Sources */,
				4D37270D2DE5404500B5A02B /* UserProfileTabView.swift in Sources */,
				4D92F4BD2D4DE1E80001A16E /* BackgroundManager.swift in Sources */,
				4D3055E32D3CEADA009A7BBD /* JournalEntry+CoreDataHelpers.swift in Sources */,
				4D3055E12D3CE90C009A7BBD /* FocusNumberContent.swift in Sources */,
				4D6C7B4D2DE45381001036E5 /* UserArchetype.swift in Sources */,
				4D37270A2DE50FEC00B5A02B /* OnboardingCompletionView.swift in Sources */,
			);
			runOnlyForDeploymentPostprocessing = 0;
		};
/* End PBXSourcesBuildPhase section */

/* Begin PBXTargetDependency section */
		4D80E1112D41E17A0020F7BB /* PBXTargetDependency */ = {
			isa = PBXTargetDependency;
			target = 4DC6021A2D343E8D00B5E4A9 /* VybeMVP */;
			targetProxy = 4D80E1102D41E17A0020F7BB /* PBXContainerItemProxy */;
		};
/* End PBXTargetDependency section */

/* Begin XCBuildConfiguration section */
		4D80E1132D41E17A0020F7BB /* Debug */ = {
			isa = XCBuildConfiguration;
			buildSettings = {
				BUNDLE_LOADER = "$(TEST_HOST)";
				CODE_SIGN_STYLE = Automatic;
				CURRENT_PROJECT_VERSION = 1;
				GENERATE_INFOPLIST_FILE = YES;
				MARKETING_VERSION = 1.0;
				PRODUCT_BUNDLE_IDENTIFIER = com.infinitiesinn.vybe.VybeMVPTests;
				PRODUCT_NAME = "$(TARGET_NAME)";
				SUPPORTED_PLATFORMS = "iphoneos iphonesimulator";
				SUPPORTS_MACCATALYST = NO;
				SUPPORTS_MAC_DESIGNED_FOR_IPHONE_IPAD = NO;
				SUPPORTS_XR_DESIGNED_FOR_IPHONE_IPAD = NO;
				SWIFT_EMIT_LOC_STRINGS = NO;
				SWIFT_VERSION = 5.0;
				TARGETED_DEVICE_FAMILY = 1;
				TEST_HOST = "$(BUILT_PRODUCTS_DIR)/VybeMVP.app/$(BUNDLE_EXECUTABLE_FOLDER_PATH)/VybeMVP";
			};
			name = Debug;
		};
		4D80E1142D41E17A0020F7BB /* Release */ = {
			isa = XCBuildConfiguration;
			buildSettings = {
				BUNDLE_LOADER = "$(TEST_HOST)";
				CODE_SIGN_STYLE = Automatic;
				CURRENT_PROJECT_VERSION = 1;
				GENERATE_INFOPLIST_FILE = YES;
				MARKETING_VERSION = 1.0;
				PRODUCT_BUNDLE_IDENTIFIER = com.infinitiesinn.vybe.VybeMVPTests;
				PRODUCT_NAME = "$(TARGET_NAME)";
				SUPPORTED_PLATFORMS = "iphoneos iphonesimulator";
				SUPPORTS_MACCATALYST = NO;
				SUPPORTS_MAC_DESIGNED_FOR_IPHONE_IPAD = NO;
				SUPPORTS_XR_DESIGNED_FOR_IPHONE_IPAD = NO;
				SWIFT_EMIT_LOC_STRINGS = NO;
				SWIFT_VERSION = 5.0;
				TARGETED_DEVICE_FAMILY = 1;
				TEST_HOST = "$(BUILT_PRODUCTS_DIR)/VybeMVP.app/$(BUNDLE_EXECUTABLE_FOLDER_PATH)/VybeMVP";
			};
			name = Release;
		};
		4DC602272D343E8E00B5E4A9 /* Debug */ = {
			isa = XCBuildConfiguration;
			buildSettings = {
				ALWAYS_SEARCH_USER_PATHS = NO;
				ASSETCATALOG_COMPILER_GENERATE_SWIFT_ASSET_SYMBOL_EXTENSIONS = YES;
				CLANG_ANALYZER_NONNULL = YES;
				CLANG_ANALYZER_NUMBER_OBJECT_CONVERSION = YES_AGGRESSIVE;
				CLANG_CXX_LANGUAGE_STANDARD = "gnu++20";
				CLANG_ENABLE_MODULES = YES;
				CLANG_ENABLE_OBJC_ARC = YES;
				CLANG_ENABLE_OBJC_WEAK = YES;
				CLANG_WARN_BLOCK_CAPTURE_AUTORELEASING = YES;
				CLANG_WARN_BOOL_CONVERSION = YES;
				CLANG_WARN_COMMA = YES;
				CLANG_WARN_CONSTANT_CONVERSION = YES;
				CLANG_WARN_DEPRECATED_OBJC_IMPLEMENTATIONS = YES;
				CLANG_WARN_DIRECT_OBJC_ISA_USAGE = YES_ERROR;
				CLANG_WARN_DOCUMENTATION_COMMENTS = YES;
				CLANG_WARN_EMPTY_BODY = YES;
				CLANG_WARN_ENUM_CONVERSION = YES;
				CLANG_WARN_INFINITE_RECURSION = YES;
				CLANG_WARN_INT_CONVERSION = YES;
				CLANG_WARN_NON_LITERAL_NULL_CONVERSION = YES;
				CLANG_WARN_OBJC_IMPLICIT_RETAIN_SELF = YES;
				CLANG_WARN_OBJC_LITERAL_CONVERSION = YES;
				CLANG_WARN_OBJC_ROOT_CLASS = YES_ERROR;
				CLANG_WARN_QUOTED_INCLUDE_IN_FRAMEWORK_HEADER = YES;
				CLANG_WARN_RANGE_LOOP_ANALYSIS = YES;
				CLANG_WARN_STRICT_PROTOTYPES = YES;
				CLANG_WARN_SUSPICIOUS_MOVE = YES;
				CLANG_WARN_UNGUARDED_AVAILABILITY = YES_AGGRESSIVE;
				CLANG_WARN_UNREACHABLE_CODE = YES;
				CLANG_WARN__DUPLICATE_METHOD_MATCH = YES;
				COPY_PHASE_STRIP = NO;
				DEBUG_INFORMATION_FORMAT = dwarf;
				DEVELOPMENT_TEAM = 78GUR5644G;
				ENABLE_STRICT_OBJC_MSGSEND = YES;
				ENABLE_TESTABILITY = YES;
				ENABLE_USER_SCRIPT_SANDBOXING = YES;
				GCC_C_LANGUAGE_STANDARD = gnu17;
				GCC_DYNAMIC_NO_PIC = NO;
				GCC_NO_COMMON_BLOCKS = YES;
				GCC_OPTIMIZATION_LEVEL = 0;
				GCC_PREPROCESSOR_DEFINITIONS = (
					"DEBUG=1",
					"$(inherited)",
				);
				GCC_WARN_64_TO_32_BIT_CONVERSION = YES;
				GCC_WARN_ABOUT_RETURN_TYPE = YES_ERROR;
				GCC_WARN_UNDECLARED_SELECTOR = YES;
				GCC_WARN_UNINITIALIZED_AUTOS = YES_AGGRESSIVE;
				GCC_WARN_UNUSED_FUNCTION = YES;
				GCC_WARN_UNUSED_VARIABLE = YES;
				IPHONEOS_DEPLOYMENT_TARGET = 18.2;
				LOCALIZATION_PREFERS_STRING_CATALOGS = YES;
				MTL_ENABLE_DEBUG_INFO = INCLUDE_SOURCE;
				MTL_FAST_MATH = YES;
				ONLY_ACTIVE_ARCH = YES;
				SDKROOT = iphoneos;
				SWIFT_ACTIVE_COMPILATION_CONDITIONS = "DEBUG $(inherited)";
				SWIFT_OPTIMIZATION_LEVEL = "-Onone";
			};
			name = Debug;
		};
		4DC602282D343E8E00B5E4A9 /* Release */ = {
			isa = XCBuildConfiguration;
			buildSettings = {
				ALWAYS_SEARCH_USER_PATHS = NO;
				ASSETCATALOG_COMPILER_GENERATE_SWIFT_ASSET_SYMBOL_EXTENSIONS = YES;
				CLANG_ANALYZER_NONNULL = YES;
				CLANG_ANALYZER_NUMBER_OBJECT_CONVERSION = YES_AGGRESSIVE;
				CLANG_CXX_LANGUAGE_STANDARD = "gnu++20";
				CLANG_ENABLE_MODULES = YES;
				CLANG_ENABLE_OBJC_ARC = YES;
				CLANG_ENABLE_OBJC_WEAK = YES;
				CLANG_WARN_BLOCK_CAPTURE_AUTORELEASING = YES;
				CLANG_WARN_BOOL_CONVERSION = YES;
				CLANG_WARN_COMMA = YES;
				CLANG_WARN_CONSTANT_CONVERSION = YES;
				CLANG_WARN_DEPRECATED_OBJC_IMPLEMENTATIONS = YES;
				CLANG_WARN_DIRECT_OBJC_ISA_USAGE = YES_ERROR;
				CLANG_WARN_DOCUMENTATION_COMMENTS = YES;
				CLANG_WARN_EMPTY_BODY = YES;
				CLANG_WARN_ENUM_CONVERSION = YES;
				CLANG_WARN_INFINITE_RECURSION = YES;
				CLANG_WARN_INT_CONVERSION = YES;
				CLANG_WARN_NON_LITERAL_NULL_CONVERSION = YES;
				CLANG_WARN_OBJC_IMPLICIT_RETAIN_SELF = YES;
				CLANG_WARN_OBJC_LITERAL_CONVERSION = YES;
				CLANG_WARN_OBJC_ROOT_CLASS = YES_ERROR;
				CLANG_WARN_QUOTED_INCLUDE_IN_FRAMEWORK_HEADER = YES;
				CLANG_WARN_RANGE_LOOP_ANALYSIS = YES;
				CLANG_WARN_STRICT_PROTOTYPES = YES;
				CLANG_WARN_SUSPICIOUS_MOVE = YES;
				CLANG_WARN_UNGUARDED_AVAILABILITY = YES_AGGRESSIVE;
				CLANG_WARN_UNREACHABLE_CODE = YES;
				CLANG_WARN__DUPLICATE_METHOD_MATCH = YES;
				COPY_PHASE_STRIP = NO;
				DEBUG_INFORMATION_FORMAT = "dwarf-with-dsym";
				DEVELOPMENT_TEAM = 78GUR5644G;
				ENABLE_NS_ASSERTIONS = NO;
				ENABLE_STRICT_OBJC_MSGSEND = YES;
				ENABLE_USER_SCRIPT_SANDBOXING = YES;
				GCC_C_LANGUAGE_STANDARD = gnu17;
				GCC_NO_COMMON_BLOCKS = YES;
				GCC_WARN_64_TO_32_BIT_CONVERSION = YES;
				GCC_WARN_ABOUT_RETURN_TYPE = YES_ERROR;
				GCC_WARN_UNDECLARED_SELECTOR = YES;
				GCC_WARN_UNINITIALIZED_AUTOS = YES_AGGRESSIVE;
				GCC_WARN_UNUSED_FUNCTION = YES;
				GCC_WARN_UNUSED_VARIABLE = YES;
				IPHONEOS_DEPLOYMENT_TARGET = 18.2;
				LOCALIZATION_PREFERS_STRING_CATALOGS = YES;
				MTL_ENABLE_DEBUG_INFO = NO;
				MTL_FAST_MATH = YES;
				SDKROOT = iphoneos;
				SWIFT_COMPILATION_MODE = wholemodule;
				VALIDATE_PRODUCT = YES;
			};
			name = Release;
		};
		4DC6022A2D343E8E00B5E4A9 /* Debug */ = {
			isa = XCBuildConfiguration;
			buildSettings = {
				ASSETCATALOG_COMPILER_APPICON_NAME = AppIcon;
				ASSETCATALOG_COMPILER_GLOBAL_ACCENT_COLOR_NAME = AccentColor;
				CODE_SIGN_ALLOW_ENTITLEMENTS_MODIFICATION = YES;
				CODE_SIGN_ENTITLEMENTS = VybeMVP.entitlements;
				CODE_SIGN_IDENTITY = "Apple Development";
				"CODE_SIGN_IDENTITY[sdk=iphoneos*]" = "Apple Development";
				CODE_SIGN_INJECT_BASE_ENTITLEMENTS = YES;
				CODE_SIGN_STYLE = Automatic;
				CURRENT_PROJECT_VERSION = 1;
				DEVELOPMENT_ASSET_PATHS = "\"$(SRCROOT)\"";
				ENABLE_BITCODE = NO;
				ENABLE_HARDENED_RUNTIME = NO;
				ENABLE_PREVIEWS = YES;
				GENERATE_INFOPLIST_FILE = YES;
				INFOPLIST_FILE = Info.plist;
				INFOPLIST_KEY_NSHealthShareUsageDescription = "VybeMVP needs access to your heart rate data to provide real-time monitoring and insights for your focus and well-being.";
				INFOPLIST_KEY_NSHealthUpdateUsageDescription = "VybeMVP needs access to update your health data to ensure accurate heart rate tracking and analysis.";
				INFOPLIST_KEY_UIApplicationSceneManifest_Generation = YES;
				INFOPLIST_KEY_UIApplicationSupportsIndirectInputEvents = YES;
				INFOPLIST_KEY_UILaunchScreen_Generation = YES;
				INFOPLIST_KEY_UISupportedInterfaceOrientations_iPad = "UIInterfaceOrientationPortrait UIInterfaceOrientationPortraitUpsideDown UIInterfaceOrientationLandscapeLeft UIInterfaceOrientationLandscapeRight";
				INFOPLIST_KEY_UISupportedInterfaceOrientations_iPhone = "UIInterfaceOrientationPortrait UIInterfaceOrientationLandscapeLeft UIInterfaceOrientationLandscapeRight";
				LD_RUNPATH_SEARCH_PATHS = (
					"$(inherited)",
					"@executable_path/Frameworks",
				);
				MARKETING_VERSION = 1.0;
				OTHER_CODE_SIGN_FLAGS = "--deep";
				PRODUCT_BUNDLE_IDENTIFIER = com.infinitiesinn.vybe.VybeMVP;
				PRODUCT_NAME = "$(TARGET_NAME)";
				PROVISIONING_PROFILE_SPECIFIER = "";
				SUPPORTED_PLATFORMS = "iphoneos iphonesimulator";
				SUPPORTS_MACCATALYST = NO;
				SUPPORTS_MAC_DESIGNED_FOR_IPHONE_IPAD = NO;
				SUPPORTS_XR_DESIGNED_FOR_IPHONE_IPAD = NO;
				SWIFT_EMIT_LOC_STRINGS = YES;
				SWIFT_VERSION = 5.0;
				TARGETED_DEVICE_FAMILY = 1;
			};
			name = Debug;
		};
		4DC6022B2D343E8E00B5E4A9 /* Release */ = {
			isa = XCBuildConfiguration;
			buildSettings = {
				ASSETCATALOG_COMPILER_APPICON_NAME = AppIcon;
				ASSETCATALOG_COMPILER_GLOBAL_ACCENT_COLOR_NAME = AccentColor;
				CODE_SIGN_ENTITLEMENTS = VybeMVP.entitlements;
				CODE_SIGN_IDENTITY = "Apple Development";
				"CODE_SIGN_IDENTITY[sdk=iphoneos*]" = "Apple Development";
				CODE_SIGN_STYLE = Automatic;
				CURRENT_PROJECT_VERSION = 1;
				DEVELOPMENT_ASSET_PATHS = "\"$(SRCROOT)\"";
				ENABLE_BITCODE = NO;
				ENABLE_PREVIEWS = YES;
				GENERATE_INFOPLIST_FILE = YES;
				INFOPLIST_FILE = Info.plist;
				INFOPLIST_KEY_NSHealthShareUsageDescription = "VybeMVP needs access to your heart rate data to provide real-time monitoring and insights for your focus and well-being.";
				INFOPLIST_KEY_NSHealthUpdateUsageDescription = "VybeMVP needs access to update your health data to ensure accurate heart rate tracking and analysis.";
				INFOPLIST_KEY_UIApplicationSceneManifest_Generation = YES;
				INFOPLIST_KEY_UIApplicationSupportsIndirectInputEvents = YES;
				INFOPLIST_KEY_UILaunchScreen_Generation = YES;
				INFOPLIST_KEY_UISupportedInterfaceOrientations_iPad = "UIInterfaceOrientationPortrait UIInterfaceOrientationPortraitUpsideDown UIInterfaceOrientationLandscapeLeft UIInterfaceOrientationLandscapeRight";
				INFOPLIST_KEY_UISupportedInterfaceOrientations_iPhone = "UIInterfaceOrientationPortrait UIInterfaceOrientationLandscapeLeft UIInterfaceOrientationLandscapeRight";
				LD_RUNPATH_SEARCH_PATHS = (
					"$(inherited)",
					"@executable_path/Frameworks",
				);
				MARKETING_VERSION = 1.0;
				OTHER_CODE_SIGN_FLAGS = "--deep";
				PRODUCT_BUNDLE_IDENTIFIER = com.infinitiesinn.vybe.VybeMVP;
				PRODUCT_NAME = "$(TARGET_NAME)";
				PROVISIONING_PROFILE_SPECIFIER = "";
				SUPPORTED_PLATFORMS = "iphoneos iphonesimulator";
				SUPPORTS_MACCATALYST = NO;
				SUPPORTS_MAC_DESIGNED_FOR_IPHONE_IPAD = NO;
				SUPPORTS_XR_DESIGNED_FOR_IPHONE_IPAD = NO;
				SWIFT_EMIT_LOC_STRINGS = YES;
				SWIFT_VERSION = 5.0;
				TARGETED_DEVICE_FAMILY = 1;
			};
			name = Release;
		};
/* End XCBuildConfiguration section */

/* Begin XCConfigurationList section */
		4D80E1122D41E17A0020F7BB /* Build configuration list for PBXNativeTarget "VybeMVPTests" */ = {
			isa = XCConfigurationList;
			buildConfigurations = (
				4D80E1132D41E17A0020F7BB /* Debug */,
				4D80E1142D41E17A0020F7BB /* Release */,
			);
			defaultConfigurationIsVisible = 0;
			defaultConfigurationName = Release;
		};
		4DC602162D343E8D00B5E4A9 /* Build configuration list for PBXProject "VybeMVP" */ = {
			isa = XCConfigurationList;
			buildConfigurations = (
				4DC602272D343E8E00B5E4A9 /* Debug */,
				4DC602282D343E8E00B5E4A9 /* Release */,
			);
			defaultConfigurationIsVisible = 0;
			defaultConfigurationName = Release;
		};
		4DC602292D343E8E00B5E4A9 /* Build configuration list for PBXNativeTarget "VybeMVP" */ = {
			isa = XCConfigurationList;
			buildConfigurations = (
				4DC6022A2D343E8E00B5E4A9 /* Debug */,
				4DC6022B2D343E8E00B5E4A9 /* Release */,
			);
			defaultConfigurationIsVisible = 0;
			defaultConfigurationName = Release;
		};
/* End XCConfigurationList section */

/* Begin XCRemoteSwiftPackageReference section */
		4DA01CB52D853A640070309D /* XCRemoteSwiftPackageReference "firebase-ios-sdk" */ = {
			isa = XCRemoteSwiftPackageReference;
			repositoryURL = "https://github.com/firebase/firebase-ios-sdk.git";
			requirement = {
				kind = upToNextMajorVersion;
				minimumVersion = 11.9.0;
			};
		};
/* End XCRemoteSwiftPackageReference section */

/* Begin XCSwiftPackageProductDependency section */
		4D6C7BBC2DE4885F001036E5 /* FirebaseFirestore */ = {
			isa = XCSwiftPackageProductDependency;
			package = 4DA01CB52D853A640070309D /* XCRemoteSwiftPackageReference "firebase-ios-sdk" */;
			productName = FirebaseFirestore;
		};
		4DA01CB62D853A640070309D /* FirebaseAnalytics */ = {
			isa = XCSwiftPackageProductDependency;
			package = 4DA01CB52D853A640070309D /* XCRemoteSwiftPackageReference "firebase-ios-sdk" */;
			productName = FirebaseAnalytics;
		};
		4DA01CB82D853A640070309D /* FirebaseCore */ = {
			isa = XCSwiftPackageProductDependency;
			package = 4DA01CB52D853A640070309D /* XCRemoteSwiftPackageReference "firebase-ios-sdk" */;
			productName = FirebaseCore;
		};
		4DA01CBA2D853A640070309D /* FirebaseMessaging */ = {
			isa = XCSwiftPackageProductDependency;
			package = 4DA01CB52D853A640070309D /* XCRemoteSwiftPackageReference "firebase-ios-sdk" */;
			productName = FirebaseMessaging;
		};
/* End XCSwiftPackageProductDependency section */

/* Begin XCVersionGroup section */
		4D3055BF2D3CA97C009A7BBD /* VybeMVP.xcdatamodeld */ = {
			isa = XCVersionGroup;
			children = (
				4D3055C02D3CA97C009A7BBD /* VybeMVP.xcdatamodel */,
			);
			currentVersion = 4D3055C02D3CA97C009A7BBD /* VybeMVP.xcdatamodel */;
			path = VybeMVP.xcdatamodeld;
			sourceTree = "<group>";
			versionGroupType = wrapper.xcdatamodel;
		};
/* End XCVersionGroup section */
	};
	rootObject = 4DC602132D343E8D00B5E4A9 /* Project object */;
}
